
Microsoft Visual Studio Solution File, Format Version 12.00
# Visual Studio Version 17
VisualStudioVersion = 17.7.34024.191
MinimumVisualStudioVersion = 10.0.40219.1
Project("{8BC9CEB8-8B4A-11D0-8D11-00A0C91BC942}") = "PhysicsEngine", "Engine\PhysicsEngine.vcxproj", "{DDDF5435-3415-4367-B6BD-699A027A84E2}"
EndProject
Project("{8BC9CEB8-8B4A-11D0-8D11-00A0C91BC942}") = "PhysicsEngineDemo", "Demo\PhysicsEngineDemo.vcxproj", "{4CBEAD7D-FFD6-4B97-8458-AF48F4C6DA9B}"
	ProjectSection(ProjectDependencies) = postProject
		{DDDF5435-3415-4367-B6BD-699A027A84E2} = {DDDF5435-3415-4367-B6BD-699A027A84E2}
	EndProjectSection
EndProject
Global
	GlobalSection(SolutionConfigurationPlatforms) = preSolution
		Debug|x64 = Debug|x64
		Debug|x86 = Debug|x86
		Release|x64 = Release|x64
		Release|x86 = Release|x86
	EndGlobalSection
	GlobalSection(ProjectConfigurationPlatforms) = postSolution
		{DDDF5435-3415-4367-B6BD-699A027A84E2}.Debug|x64.ActiveCfg = Debug|x64
		{DDDF5435-3415-4367-B6BD-699A027A84E2}.Debug|x64.Build.0 = Debug|x64
		{DDDF5435-3415-4367-B6BD-699A027A84E2}.Debug|x86.ActiveCfg = Debug|Win32
		{DDDF5435-3415-4367-B6BD-699A027A84E2}.Debug|x86.Build.0 = Debug|Win32
		{DDDF5435-3415-4367-B6BD-699A027A84E2}.Release|x64.ActiveCfg = Release|x64
		{DDDF5435-3415-4367-B6BD-699A027A84E2}.Release|x64.Build.0 = Release|x64
		{DDDF5435-3415-4367-B6BD-699A027A84E2}.Release|x86.ActiveCfg = Release|Win32
		{DDDF5435-3415-4367-B6BD-699A027A84E2}.Release|x86.Build.0 = Release|Win32
		{4CBEAD7D-FFD6-4B97-8458-AF48F4C6DA9B}.Debug|x64.ActiveCfg = Debug|x64
		{4CBEAD7D-FFD6-4B97-8458-AF48F4C6DA9B}.Debug|x64.Build.0 = Debug|x64
		{4CBEAD7D-FFD6-4B97-8458-AF48F4C6DA9B}.Debug|x86.ActiveCfg = Debug|Win32
		{4CBEAD7D-FFD6-4B97-8458-AF48F4C6DA9B}.Debug|x86.Build.0 = Debug|Win32
		{4CBEAD7D-FFD6-4B97-8458-AF48F4C6DA9B}.Release|x64.ActiveCfg = Release|x64
		{4CBEAD7D-FFD6-4B97-8458-AF48F4C6DA9B}.Release|x64.Build.0 = Release|x64
		{4CBEAD7D-FFD6-4B97-8458-AF48F4C6DA9B}.Release|x86.ActiveCfg = Release|Win32
		{4CBEAD7D-FFD6-4B97-8458-AF48F4C6DA9B}.Release|x86.Build.0 = Release|Win32
	EndGlobalSection
	GlobalSection(SolutionProperties) = preSolution
		HideSolutionNode = FALSE
	EndGlobalSection
	GlobalSection(ExtensibilityGlobals) = postSolution
		SolutionGuid = {D530D1E9-9267-4D2C-B02B-3A63090397B2}
	EndGlobalSection
EndGlobal
